
Microsoft Visual Studio Solution File, Format Version 12.00
# Visual Studio 15
VisualStudioVersion = 15.0.28307.329
MinimumVisualStudioVersion = 10.0.40219.1
Project("{FAE04EC0-301F-11D3-BF4B-00C04F79EFBC}") = "GADE6112_Task2", "GADE6112_Task2.csproj", "{4CEDC77A-85ED-4C18-8F74-CEAA8327C988}"
EndProject
Global
	GlobalSection(SolutionConfigurationPlatforms) = preSolution
		Debug|Any CPU = Debug|Any CPU
		Release|Any CPU = Release|Any CPU
	EndGlobalSection
	GlobalSection(ProjectConfigurationPlatforms) = postSolution
		{4CEDC77A-85ED-4C18-8F74-CEAA8327C988}.Debug|Any CPU.ActiveCfg = Debug|Any CPU
		{4CEDC77A-85ED-4C18-8F74-CEAA8327C988}.Debug|Any CPU.Build.0 = Debug|Any CPU
		{4CEDC77A-85ED-4C18-8F74-CEAA8327C988}.Release|Any CPU.ActiveCfg = Release|Any CPU
		{4CEDC77A-85ED-4C18-8F74-CEAA8327C988}.Release|Any CPU.Build.0 = Release|Any CPU
	EndGlobalSection
	GlobalSection(SolutionProperties) = preSolution
		HideSolutionNode = FALSE
	EndGlobalSection
	GlobalSection(ExtensibilityGlobals) = postSolution
		SolutionGuid = {69B87952-AFA0-4DA6-809C-75D32AD87611}
	EndGlobalSection
EndGlobal
